
Microsoft Visual Studio Solution File, Format Version 12.00
# Visual Studio 15
VisualStudioVersion = 15.0.26206.0
MinimumVisualStudioVersion = 10.0.40219.1
Project("{FAE04EC0-301F-11D3-BF4B-00C04F79EFBC}") = "Finanse", "Finanse\Finanse.csproj", "{EA1BF119-1D55-4899-A2B0-5C211C81EC3B}"
EndProject
Project("{FAE04EC0-301F-11D3-BF4B-00C04F79EFBC}") = "FinanseUnitTests", "FinanseUnitTests\FinanseUnitTests.csproj", "{EE2B7784-2726-48D7-B191-4A393C2A9331}"
EndProject
Global
	GlobalSection(SolutionConfigurationPlatforms) = preSolution
		Debug|ARM = Debug|ARM
		Debug|x64 = Debug|x64
		Debug|x86 = Debug|x86
		Release|ARM = Release|ARM
		Release|x64 = Release|x64
		Release|x86 = Release|x86
	EndGlobalSection
	GlobalSection(ProjectConfigurationPlatforms) = postSolution
		{EA1BF119-1D55-4899-A2B0-5C211C81EC3B}.Debug|ARM.ActiveCfg = Debug|ARM
		{EA1BF119-1D55-4899-A2B0-5C211C81EC3B}.Debug|ARM.Build.0 = Debug|ARM
		{EA1BF119-1D55-4899-A2B0-5C211C81EC3B}.Debug|ARM.Deploy.0 = Debug|ARM
		{EA1BF119-1D55-4899-A2B0-5C211C81EC3B}.Debug|x64.ActiveCfg = Debug|x64
		{EA1BF119-1D55-4899-A2B0-5C211C81EC3B}.Debug|x64.Build.0 = Debug|x64
		{EA1BF119-1D55-4899-A2B0-5C211C81EC3B}.Debug|x64.Deploy.0 = Debug|x64
		{EA1BF119-1D55-4899-A2B0-5C211C81EC3B}.Debug|x86.ActiveCfg = Debug|x86
		{EA1BF119-1D55-4899-A2B0-5C211C81EC3B}.Debug|x86.Build.0 = Debug|x86
		{EA1BF119-1D55-4899-A2B0-5C211C81EC3B}.Debug|x86.Deploy.0 = Debug|x86
		{EA1BF119-1D55-4899-A2B0-5C211C81EC3B}.Release|ARM.ActiveCfg = Release|ARM
		{EA1BF119-1D55-4899-A2B0-5C211C81EC3B}.Release|ARM.Build.0 = Release|ARM
		{EA1BF119-1D55-4899-A2B0-5C211C81EC3B}.Release|ARM.Deploy.0 = Release|ARM
		{EA1BF119-1D55-4899-A2B0-5C211C81EC3B}.Release|x64.ActiveCfg = Release|x64
		{EA1BF119-1D55-4899-A2B0-5C211C81EC3B}.Release|x64.Build.0 = Release|x64
		{EA1BF119-1D55-4899-A2B0-5C211C81EC3B}.Release|x64.Deploy.0 = Release|x64
		{EA1BF119-1D55-4899-A2B0-5C211C81EC3B}.Release|x86.ActiveCfg = Release|x86
		{EA1BF119-1D55-4899-A2B0-5C211C81EC3B}.Release|x86.Build.0 = Release|x86
		{EA1BF119-1D55-4899-A2B0-5C211C81EC3B}.Release|x86.Deploy.0 = Release|x86
		{EE2B7784-2726-48D7-B191-4A393C2A9331}.Debug|ARM.ActiveCfg = Debug|ARM
		{EE2B7784-2726-48D7-B191-4A393C2A9331}.Debug|ARM.Build.0 = Debug|ARM
		{EE2B7784-2726-48D7-B191-4A393C2A9331}.Debug|ARM.Deploy.0 = Debug|ARM
		{EE2B7784-2726-48D7-B191-4A393C2A9331}.Debug|x64.ActiveCfg = Debug|x64
		{EE2B7784-2726-48D7-B191-4A393C2A9331}.Debug|x64.Build.0 = Debug|x64
		{EE2B7784-2726-48D7-B191-4A393C2A9331}.Debug|x64.Deploy.0 = Debug|x64
		{EE2B7784-2726-48D7-B191-4A393C2A9331}.Debug|x86.ActiveCfg = Debug|x86
		{EE2B7784-2726-48D7-B191-4A393C2A9331}.Debug|x86.Build.0 = Debug|x86
		{EE2B7784-2726-48D7-B191-4A393C2A9331}.Debug|x86.Deploy.0 = Debug|x86
		{EE2B7784-2726-48D7-B191-4A393C2A9331}.Release|ARM.ActiveCfg = Release|ARM
		{EE2B7784-2726-48D7-B191-4A393C2A9331}.Release|ARM.Build.0 = Release|ARM
		{EE2B7784-2726-48D7-B191-4A393C2A9331}.Release|ARM.Deploy.0 = Release|ARM
		{EE2B7784-2726-48D7-B191-4A393C2A9331}.Release|x64.ActiveCfg = Release|x64
		{EE2B7784-2726-48D7-B191-4A393C2A9331}.Release|x64.Build.0 = Release|x64
		{EE2B7784-2726-48D7-B191-4A393C2A9331}.Release|x64.Deploy.0 = Release|x64
		{EE2B7784-2726-48D7-B191-4A393C2A9331}.Release|x86.ActiveCfg = Release|x86
		{EE2B7784-2726-48D7-B191-4A393C2A9331}.Release|x86.Build.0 = Release|x86
		{EE2B7784-2726-48D7-B191-4A393C2A9331}.Release|x86.Deploy.0 = Release|x86
	EndGlobalSection
	GlobalSection(SolutionProperties) = preSolution
		HideSolutionNode = FALSE
	EndGlobalSection
EndGlobal
